# THIS IS AN AUTOGENERATED FILE. DO NOT EDIT THIS FILE DIRECTLY.
# yarn lockfile v1


"@openzeppelin/contracts@^4.5.0":
  "integrity" "sha512-fdkzKPYMjrRiPK6K4y64e6GzULR7R7RwxSigHS8DDp7aWDeoReqsQI+cxHV1UuhAqX69L1lAaWDxenfP+xiqzA=="
  "resolved" "https://registry.npmjs.org/@openzeppelin/contracts/-/contracts-4.5.0.tgz"
  "version" "4.5.0"
